# This file is automatically @generated by Cargo.
# It is not intended for manual editing.
version = 4

[[package]]
name = "fonetiks"
version = "0.1.0"
dependencies = [
 "input_loop",
]

[[package]]
name = "input_loop"
version = "0.1.3"
source = "registry+https://github.com/rust-lang/crates.io-index"
checksum = "2997f1738e48cc367db5f8ec1fed8296739a0b4b7215157bb7e0413871875498"
